
Microsoft Visual Studio Solution File, Format Version 12.00
# Visual Studio Version 16
VisualStudioVersion = 16.0.31702.278
MinimumVisualStudioVersion = 10.0.40219.1
Project("{FAE04EC0-301F-11D3-BF4B-00C04F79EFBC}") = "Calculator", "Project 2 WPF\Calculator.csproj", "{605A179A-5FB5-4CDB-AE2B-3C5EFF0D0C1E}"
EndProject
Global
	GlobalSection(SolutionConfigurationPlatforms) = preSolution
		Debug|Any CPU = Debug|Any CPU
		Release|Any CPU = Release|Any CPU
	EndGlobalSection
	GlobalSection(ProjectConfigurationPlatforms) = postSolution
		{605A179A-5FB5-4CDB-AE2B-3C5EFF0D0C1E}.Debug|Any CPU.ActiveCfg = Debug|Any CPU
		{605A179A-5FB5-4CDB-AE2B-3C5EFF0D0C1E}.Debug|Any CPU.Build.0 = Debug|Any CPU
		{605A179A-5FB5-4CDB-AE2B-3C5EFF0D0C1E}.Release|Any CPU.ActiveCfg = Release|Any CPU
		{605A179A-5FB5-4CDB-AE2B-3C5EFF0D0C1E}.Release|Any CPU.Build.0 = Release|Any CPU
	EndGlobalSection
	GlobalSection(SolutionProperties) = preSolution
		HideSolutionNode = FALSE
	EndGlobalSection
	GlobalSection(ExtensibilityGlobals) = postSolution
		SolutionGuid = {92B39F38-53C3-4539-BE18-4BD55B741F98}
	EndGlobalSection
EndGlobal
